PODS:
  - Alamofire (5.2.2)
  - Moya/Core (14.0.0):
    - Alamofire (~> 5.0)
  - Moya/RxSwift (14.0.0):
    - Moya/Core
    - RxSwift (~> 5.0)
  - RxSwift (5.1.2)
  - SDWebImage (5.10.3):
    - SDWebImage/Core (= 5.10.3)
  - SDWebImage/Core (5.10.3)

DEPENDENCIES:
  - Alamofire
  - Moya/RxSwift
  - SDWebImage

SPEC REPOS:
  trunk:
    - Alamofire
    - Moya
    - RxSwift
    - SDWebImage

SPEC CHECKSUMS:
  Alamofire: 814429acc853c6c54ff123fc3d2ef66803823ce0
  Moya: 5b45dacb75adb009f97fde91c204c1e565d31916
  RxSwift: 1e2e1f9570186967f617e49128ed26ccf1bafc8e
  SDWebImage: e378178472b735e84b007bfb55514c97948a0598

PODFILE CHECKSUM: 10f473232723a334b594bf3b34a82e1f4be3f438

COCOAPODS: 1.10.0
